
Microsoft Visual Studio Solution File, Format Version 12.00
# Visual Studio Version 17
VisualStudioVersion = 17.9.34728.123
MinimumVisualStudioVersion = 10.0.40219.1
Project("{FAE04EC0-301F-11D3-BF4B-00C04F79EFBC}") = "ttt ai", "ttt ai\ttt ai.csproj", "{F050C5CF-693E-43C1-B5C1-C47555830F36}"
EndProject
Global
	GlobalSection(SolutionConfigurationPlatforms) = preSolution
		Debug|Any CPU = Debug|Any CPU
		Release|Any CPU = Release|Any CPU
	EndGlobalSection
	GlobalSection(ProjectConfigurationPlatforms) = postSolution
		{F050C5CF-693E-43C1-B5C1-C47555830F36}.Debug|Any CPU.ActiveCfg = Debug|Any CPU
		{F050C5CF-693E-43C1-B5C1-C47555830F36}.Debug|Any CPU.Build.0 = Debug|Any CPU
		{F050C5CF-693E-43C1-B5C1-C47555830F36}.Release|Any CPU.ActiveCfg = Release|Any CPU
		{F050C5CF-693E-43C1-B5C1-C47555830F36}.Release|Any CPU.Build.0 = Release|Any CPU
	EndGlobalSection
	GlobalSection(SolutionProperties) = preSolution
		HideSolutionNode = FALSE
	EndGlobalSection
	GlobalSection(ExtensibilityGlobals) = postSolution
		SolutionGuid = {82B84B02-A246-4349-866C-246BF126F697}
	EndGlobalSection
EndGlobal
